{
  "name": "squid-evm-template",
  "lockfileVersion": 3,
  "requires": true,
  "packages": {
    "": {
      "name": "squid-evm-template",
      "dependencies": {
        "@belopash/mock-store": "^0.0.0",
        "@subsquid/evm-processor": "^1.13.0",
        "dotenv": "^16.3.1"
      },
      "devDependencies": {
        "@types/node": "^20.11.5",
        "typescript": "~5.3.3"
      }
    },
    "node_modules/@belopash/mock-store": {
      "version": "0.0.0",
      "resolved": "https://registry.npmjs.org/@belopash/mock-store/-/mock-store-0.0.0.tgz",
      "integrity": "sha512-RiNKln0rgix+HJknn7Fkr5861WBCS8dvcLAqANGV1cSga9msacqu/3Zj14ofSGzzGt39NMHxnKxPdSjWcShV0Q==",
      "dependencies": {
        "@subsquid/util-internal-processor-tools": "~4.0.0"
      }
    },
    "node_modules/@subsquid/evm-processor": {
      "version": "1.13.0",
      "resolved": "https://registry.npmjs.org/@subsquid/evm-processor/-/evm-processor-1.13.0.tgz",
      "integrity": "sha512-5zHobJwUeqKcRbceP8wECCmRM7HSPL3ybINH/ZFGco8xA5dUFkTnsdR1UqubXxRfQ8J+1NHrMJv1eKo32bR8lQ==",
      "dependencies": {
        "@subsquid/http-client": "^1.3.2",
        "@subsquid/logger": "^1.3.2",
        "@subsquid/rpc-client": "^4.6.0",
        "@subsquid/util-internal": "^3.0.0",
        "@subsquid/util-internal-archive-client": "^0.1.0",
        "@subsquid/util-internal-hex": "^1.2.2",
        "@subsquid/util-internal-ingest-tools": "^1.1.0",
        "@subsquid/util-internal-processor-tools": "^4.0.0",
        "@subsquid/util-internal-range": "^0.1.0",
        "@subsquid/util-internal-validation": "^0.1.0",
        "@subsquid/util-timeout": "^2.3.2"
      }
    },
    "node_modules/@subsquid/http-client": {
      "version": "1.3.2",
      "resolved": "https://registry.npmjs.org/@subsquid/http-client/-/http-client-1.3.2.tgz",
      "integrity": "sha512-N9fXB2TCYzzT4CNoTibpgk4lMFNU463/ZQcSstPPMIpZA9QdDjY+mNdjLTi8L+4DzimgjEbwYfLQX5aINYvkMA==",
      "dependencies": {
        "@subsquid/logger": "^1.3.2",
        "@subsquid/util-internal": "^3.0.0",
        "node-fetch": "^3.3.2"
      }
    },
    "node_modules/@subsquid/logger": {
      "version": "1.3.2",
      "resolved": "https://registry.npmjs.org/@subsquid/logger/-/logger-1.3.2.tgz",
      "integrity": "sha512-5YPdeRu0WD9iBak+r3S8blBeg2uyliPUlmCjj/ZE6dpXmXsSN9T+ZYrNeDr9eAbRV7OXVI49lSfCuAGenFcYjQ==",
      "dependencies": {
        "@subsquid/util-internal-hex": "^1.2.2",
        "@subsquid/util-internal-json": "^1.2.2",
        "supports-color": "^8.1.1"
      }
    },
    "node_modules/@subsquid/rpc-client": {
      "version": "4.6.0",
      "resolved": "https://registry.npmjs.org/@subsquid/rpc-client/-/rpc-client-4.6.0.tgz",
      "integrity": "sha512-fVTsVOag6Ge7hRqV+st9p+E+BgQa5PPu1uJns5IXSrRtIuAuy++w0OsB3WNA+EC8DZarpllxi7I3snzJpis/xQ==",
      "dependencies": {
        "@subsquid/http-client": "^1.3.2",
        "@subsquid/logger": "^1.3.2",
        "@subsquid/util-internal": "^3.0.0",
        "@subsquid/util-internal-binary-heap": "^1.0.0",
        "@subsquid/util-internal-counters": "^1.3.2",
        "websocket": "^1.0.34"
      }
    },
    "node_modules/@subsquid/util-internal": {
      "version": "3.0.0",
      "resolved": "https://registry.npmjs.org/@subsquid/util-internal/-/util-internal-3.0.0.tgz",
      "integrity": "sha512-aGPTiLF21N9f67DgHS4PBR8d6mdvXHTOIhr2mFQPX7GQCgZhNlCZDM/1Sqn+teJawCy3w6Y9f6KOtVbN4T5SFQ=="
    },
    "node_modules/@subsquid/util-internal-archive-client": {
      "version": "0.1.0",
      "resolved": "https://registry.npmjs.org/@subsquid/util-internal-archive-client/-/util-internal-archive-client-0.1.0.tgz",
      "integrity": "sha512-bXFNZvXduKzG3NjPLmFPU5B+r+UHXT45Yr5YOpgD9sZvrHbNc/n877jSEt1qnzUJKnTl1hxtXlXvpwIBEjKT3Q==",
      "dependencies": {
        "@subsquid/util-internal": "^3.0.0",
        "@subsquid/util-internal-range": "^0.1.0"
      },
      "peerDependencies": {
        "@subsquid/http-client": "^1.3.2",
        "@subsquid/logger": "^1.3.2"
      },
      "peerDependenciesMeta": {
        "@subsquid/logger": {
          "optional": true
        }
      }
    },
    "node_modules/@subsquid/util-internal-binary-heap": {
      "version": "1.0.0",
      "resolved": "https://registry.npmjs.org/@subsquid/util-internal-binary-heap/-/util-internal-binary-heap-1.0.0.tgz",
      "integrity": "sha512-88auuc8yNFmCZugmJSTYzS7WM/nN2obKGQCgrl8Jty5rJUFbqazGSi8icqftKhv6MPtUMJ3PSTRLiTFXAUGnAA=="
    },
    "node_modules/@subsquid/util-internal-counters": {
      "version": "1.3.2",
      "resolved": "https://registry.npmjs.org/@subsquid/util-internal-counters/-/util-internal-counters-1.3.2.tgz",
      "integrity": "sha512-GxpOIL36JXSo0KdOT7k6CsI4DY804rn/X7pTdfKhych0ReHaDghnwNyvgb7Njv9euEHWUt4MxXbfQ9YrbpPDng=="
    },
    "node_modules/@subsquid/util-internal-hex": {
      "version": "1.2.2",
      "resolved": "https://registry.npmjs.org/@subsquid/util-internal-hex/-/util-internal-hex-1.2.2.tgz",
      "integrity": "sha512-E43HVqf23jP5hvtWF9GsiN8luANjnJ1daR2SVTwaIUAYU/uNjv1Bi6tHz2uexlflBhyxAgBDmHgunXZ45wQTIw=="
    },
    "node_modules/@subsquid/util-internal-http-server": {
      "version": "1.2.2",
      "resolved": "https://registry.npmjs.org/@subsquid/util-internal-http-server/-/util-internal-http-server-1.2.2.tgz",
      "integrity": "sha512-B2SOSz8frUkXarbsELljew25iXFFyATEtS8NV31xKUXmhYfPklqrcF4YNJ/aLlfCtVOiR042YKVZDx2T8RbN6w==",
      "dependencies": {
        "stoppable": "^1.1.0"
      }
    },
    "node_modules/@subsquid/util-internal-ingest-tools": {
      "version": "1.1.0",
      "resolved": "https://registry.npmjs.org/@subsquid/util-internal-ingest-tools/-/util-internal-ingest-tools-1.1.0.tgz",
      "integrity": "sha512-Zk5IPrclv+OrAV6EFQWGQS86YfN51/tLKKW137VzFPCWNEBSPCXu5lYe/hCwwW34k+gtf5TYLb3s69d2P1e/lg==",
      "dependencies": {
        "@subsquid/logger": "^1.3.2",
        "@subsquid/util-internal": "^3.0.0",
        "@subsquid/util-internal-range": "^0.1.0"
      },
      "peerDependencies": {
        "@subsquid/util-internal-archive-client": "^0.1.0"
      },
      "peerDependenciesMeta": {
        "@subsquid/util-internal-archive-client": {
          "optional": true
        }
      }
    },
    "node_modules/@subsquid/util-internal-json": {
      "version": "1.2.2",
      "resolved": "https://registry.npmjs.org/@subsquid/util-internal-json/-/util-internal-json-1.2.2.tgz",
      "integrity": "sha512-+axQnlkIzscdy0T/vR1Dez/2NVCryWgB3OocMGJcx2GjhHVkmuJSLFqOdk9o90OocfQFC57NTZx22oa2yd+4Yw==",
      "dependencies": {
        "@subsquid/util-internal-hex": "^1.2.2"
      }
    },
    "node_modules/@subsquid/util-internal-processor-tools": {
      "version": "4.0.0",
      "resolved": "https://registry.npmjs.org/@subsquid/util-internal-processor-tools/-/util-internal-processor-tools-4.0.0.tgz",
      "integrity": "sha512-2azcdJIQQSDKAra0ct0QGCp4cYnsdbqOeIroIdvnOxs4HhOp6XkXEMg/NQ2tRGVW8yJEmn2bUvd5i8S1WBjDZA==",
      "dependencies": {
        "@subsquid/logger": "^1.3.2",
        "@subsquid/util-internal": "^3.0.0",
        "@subsquid/util-internal-counters": "^1.3.2",
        "@subsquid/util-internal-prometheus-server": "^1.2.2",
        "@subsquid/util-internal-range": "^0.1.0",
        "prom-client": "^14.2.0"
      }
    },
    "node_modules/@subsquid/util-internal-prometheus-server": {
      "version": "1.2.2",
      "resolved": "https://registry.npmjs.org/@subsquid/util-internal-prometheus-server/-/util-internal-prometheus-server-1.2.2.tgz",
      "integrity": "sha512-KOjokVhs+qJOZSkM+NPZ/XE5bGvEGGJkVbMaJJfaZ+UfZQPQDfVJrI2rPV5D9FwzctxKG9b7lPArryBIUsgrZw==",
      "dependencies": {
        "@subsquid/util-internal-http-server": "^1.2.2"
      },
      "peerDependencies": {
        "prom-client": "^14.2.0"
      }
    },
    "node_modules/@subsquid/util-internal-range": {
      "version": "0.1.0",
      "resolved": "https://registry.npmjs.org/@subsquid/util-internal-range/-/util-internal-range-0.1.0.tgz",
      "integrity": "sha512-+pJeJyH0oetqu2eRwOkP7NCSaCGzLpCCNpS9Fwi968RL+LfWSKn+wGUX6Ulf0afSslvrQ/34ZtyWdjyya1AGxA==",
      "dependencies": {
        "@subsquid/util-internal": "^3.0.0",
        "@subsquid/util-internal-binary-heap": "^1.0.0"
      }
    },
    "node_modules/@subsquid/util-internal-validation": {
      "version": "0.1.0",
      "resolved": "https://registry.npmjs.org/@subsquid/util-internal-validation/-/util-internal-validation-0.1.0.tgz",
      "integrity": "sha512-Lds60OAfXRPRxSKpIimeV3lGJzqU6nWE8qZBfw5t0GPKagb5VipUt9vq98IO4M4gRBQOUP0rrBDkiWsrGufK7A==",
      "peerDependencies": {
        "@subsquid/logger": "^1.3.2"
      },
      "peerDependenciesMeta": {
        "@subsquid/logger": {
          "optional": true
        }
      }
    },
    "node_modules/@subsquid/util-timeout": {
      "version": "2.3.2",
      "resolved": "https://registry.npmjs.org/@subsquid/util-timeout/-/util-timeout-2.3.2.tgz",
      "integrity": "sha512-DVUnuiWAX7/4ZvbzuHENUShEEV4G0M38mQ/+R8DpHxwpCSrtEaSRaUMwdyUSn/WVqR7wo9+jkLCxFjE5feCURQ=="
    },
    "node_modules/@types/node": {
      "version": "20.11.5",
      "resolved": "https://registry.npmjs.org/@types/node/-/node-20.11.5.tgz",
      "integrity": "sha512-g557vgQjUUfN76MZAN/dt1z3dzcUsimuysco0KeluHgrPdJXkP/XdAURgyO2W9fZWHRtRBiVKzKn8vyOAwlG+w==",
      "dev": true,
      "dependencies": {
        "undici-types": "~5.26.4"
      }
    },
    "node_modules/bintrees": {
      "version": "1.0.2",
      "resolved": "https://registry.npmjs.org/bintrees/-/bintrees-1.0.2.tgz",
      "integrity": "sha512-VOMgTMwjAaUG580SXn3LacVgjurrbMme7ZZNYGSSV7mmtY6QQRh0Eg3pwIcntQ77DErK1L0NxkbetjcoXzVwKw=="
    },
    "node_modules/bufferutil": {
      "version": "4.0.8",
      "resolved": "https://registry.npmjs.org/bufferutil/-/bufferutil-4.0.8.tgz",
      "integrity": "sha512-4T53u4PdgsXqKaIctwF8ifXlRTTmEPJ8iEPWFdGZvcf7sbwYo6FKFEX9eNNAnzFZ7EzJAQ3CJeOtCRA4rDp7Pw==",
      "hasInstallScript": true,
      "dependencies": {
        "node-gyp-build": "^4.3.0"
      },
      "engines": {
        "node": ">=6.14.2"
      }
    },
    "node_modules/d": {
      "version": "1.0.1",
      "resolved": "https://registry.npmjs.org/d/-/d-1.0.1.tgz",
      "integrity": "sha512-m62ShEObQ39CfralilEQRjH6oAMtNCV1xJyEx5LpRYUVN+EviphDgUc/F3hnYbADmkiNs67Y+3ylmlG7Lnu+FA==",
      "dependencies": {
        "es5-ext": "^0.10.50",
        "type": "^1.0.1"
      }
    },
    "node_modules/data-uri-to-buffer": {
      "version": "4.0.1",
      "resolved": "https://registry.npmjs.org/data-uri-to-buffer/-/data-uri-to-buffer-4.0.1.tgz",
      "integrity": "sha512-0R9ikRb668HB7QDxT1vkpuUBtqc53YyAwMwGeUFKRojY/NWKvdZ+9UYtRfGmhqNbRkTSVpMbmyhXipFFv2cb/A==",
      "engines": {
        "node": ">= 12"
      }
    },
    "node_modules/debug": {
      "version": "2.6.9",
      "resolved": "https://registry.npmjs.org/debug/-/debug-2.6.9.tgz",
      "integrity": "sha512-bC7ElrdJaJnPbAP+1EotYvqZsb3ecl5wi6Bfi6BJTUcNowp6cvspg0jXznRTKDjm/E7AdgFBVeAPVMNcKGsHMA==",
      "dependencies": {
        "ms": "2.0.0"
      }
    },
    "node_modules/dotenv": {
      "version": "16.3.1",
      "resolved": "https://registry.npmjs.org/dotenv/-/dotenv-16.3.1.tgz",
      "integrity": "sha512-IPzF4w4/Rd94bA9imS68tZBaYyBWSCE47V1RGuMrB94iyTOIEwRmVL2x/4An+6mETpLrKJ5hQkB8W4kFAadeIQ==",
      "engines": {
        "node": ">=12"
      },
      "funding": {
        "url": "https://github.com/motdotla/dotenv?sponsor=1"
      }
    },
    "node_modules/es5-ext": {
      "version": "0.10.62",
      "resolved": "https://registry.npmjs.org/es5-ext/-/es5-ext-0.10.62.tgz",
      "integrity": "sha512-BHLqn0klhEpnOKSrzn/Xsz2UIW8j+cGmo9JLzr8BiUapV8hPL9+FliFqjwr9ngW7jWdnxv6eO+/LqyhJVqgrjA==",
      "hasInstallScript": true,
      "dependencies": {
        "es6-iterator": "^2.0.3",
        "es6-symbol": "^3.1.3",
        "next-tick": "^1.1.0"
      },
      "engines": {
        "node": ">=0.10"
      }
    },
    "node_modules/es6-iterator": {
      "version": "2.0.3",
      "resolved": "https://registry.npmjs.org/es6-iterator/-/es6-iterator-2.0.3.tgz",
      "integrity": "sha512-zw4SRzoUkd+cl+ZoE15A9o1oQd920Bb0iOJMQkQhl3jNc03YqVjAhG7scf9C5KWRU/R13Orf588uCC6525o02g==",
      "dependencies": {
        "d": "1",
        "es5-ext": "^0.10.35",
        "es6-symbol": "^3.1.1"
      }
    },
    "node_modules/es6-symbol": {
      "version": "3.1.3",
      "resolved": "https://registry.npmjs.org/es6-symbol/-/es6-symbol-3.1.3.tgz",
      "integrity": "sha512-NJ6Yn3FuDinBaBRWl/q5X/s4koRHBrgKAu+yGI6JCBeiu3qrcbJhwT2GeR/EXVfylRk8dpQVJoLEFhK+Mu31NA==",
      "dependencies": {
        "d": "^1.0.1",
        "ext": "^1.1.2"
      }
    },
    "node_modules/ext": {
      "version": "1.7.0",
      "resolved": "https://registry.npmjs.org/ext/-/ext-1.7.0.tgz",
      "integrity": "sha512-6hxeJYaL110a9b5TEJSj0gojyHQAmA2ch5Os+ySCiA1QGdS697XWY1pzsrSjqA9LDEEgdB/KypIlR59RcLuHYw==",
      "dependencies": {
        "type": "^2.7.2"
      }
    },
    "node_modules/ext/node_modules/type": {
      "version": "2.7.2",
      "resolved": "https://registry.npmjs.org/type/-/type-2.7.2.tgz",
      "integrity": "sha512-dzlvlNlt6AXU7EBSfpAscydQ7gXB+pPGsPnfJnZpiNJBDj7IaJzQlBZYGdEi4R9HmPdBv2XmWJ6YUtoTa7lmCw=="
    },
    "node_modules/fetch-blob": {
      "version": "3.2.0",
      "resolved": "https://registry.npmjs.org/fetch-blob/-/fetch-blob-3.2.0.tgz",
      "integrity": "sha512-7yAQpD2UMJzLi1Dqv7qFYnPbaPx7ZfFK6PiIxQ4PfkGPyNyl2Ugx+a/umUonmKqjhM4DnfbMvdX6otXq83soQQ==",
      "funding": [
        {
          "type": "github",
          "url": "https://github.com/sponsors/jimmywarting"
        },
        {
          "type": "paypal",
          "url": "https://paypal.me/jimmywarting"
        }
      ],
      "dependencies": {
        "node-domexception": "^1.0.0",
        "web-streams-polyfill": "^3.0.3"
      },
      "engines": {
        "node": "^12.20 || >= 14.13"
      }
    },
    "node_modules/formdata-polyfill": {
      "version": "4.0.10",
      "resolved": "https://registry.npmjs.org/formdata-polyfill/-/formdata-polyfill-4.0.10.tgz",
      "integrity": "sha512-buewHzMvYL29jdeQTVILecSaZKnt/RJWjoZCF5OW60Z67/GmSLBkOFM7qh1PI3zFNtJbaZL5eQu1vLfazOwj4g==",
      "dependencies": {
        "fetch-blob": "^3.1.2"
      },
      "engines": {
        "node": ">=12.20.0"
      }
    },
    "node_modules/has-flag": {
      "version": "4.0.0",
      "resolved": "https://registry.npmjs.org/has-flag/-/has-flag-4.0.0.tgz",
      "integrity": "sha512-EykJT/Q1KjTWctppgIAgfSO0tKVuZUjhgMr17kqTumMl6Afv3EISleU7qZUzoXDFTAHTDC4NOoG/ZxU3EvlMPQ==",
      "engines": {
        "node": ">=8"
      }
    },
    "node_modules/is-typedarray": {
      "version": "1.0.0",
      "resolved": "https://registry.npmjs.org/is-typedarray/-/is-typedarray-1.0.0.tgz",
      "integrity": "sha512-cyA56iCMHAh5CdzjJIa4aohJyeO1YbwLi3Jc35MmRU6poroFjIGZzUzupGiRPOjgHg9TLu43xbpwXk523fMxKA=="
    },
    "node_modules/ms": {
      "version": "2.0.0",
      "resolved": "https://registry.npmjs.org/ms/-/ms-2.0.0.tgz",
      "integrity": "sha512-Tpp60P6IUJDTuOq/5Z8cdskzJujfwqfOTkrwIwj7IRISpnkJnT6SyJ4PCPnGMoFjC9ddhal5KVIYtAt97ix05A=="
    },
    "node_modules/next-tick": {
      "version": "1.1.0",
      "resolved": "https://registry.npmjs.org/next-tick/-/next-tick-1.1.0.tgz",
      "integrity": "sha512-CXdUiJembsNjuToQvxayPZF9Vqht7hewsvy2sOWafLvi2awflj9mOC6bHIg50orX8IJvWKY9wYQ/zB2kogPslQ=="
    },
    "node_modules/node-domexception": {
      "version": "1.0.0",
      "resolved": "https://registry.npmjs.org/node-domexception/-/node-domexception-1.0.0.tgz",
      "integrity": "sha512-/jKZoMpw0F8GRwl4/eLROPA3cfcXtLApP0QzLmUT/HuPCZWyB7IY9ZrMeKw2O/nFIqPQB3PVM9aYm0F312AXDQ==",
      "funding": [
        {
          "type": "github",
          "url": "https://github.com/sponsors/jimmywarting"
        },
        {
          "type": "github",
          "url": "https://paypal.me/jimmywarting"
        }
      ],
      "engines": {
        "node": ">=10.5.0"
      }
    },
    "node_modules/node-fetch": {
      "version": "3.3.2",
      "resolved": "https://registry.npmjs.org/node-fetch/-/node-fetch-3.3.2.tgz",
      "integrity": "sha512-dRB78srN/l6gqWulah9SrxeYnxeddIG30+GOqK/9OlLVyLg3HPnr6SqOWTWOXKRwC2eGYCkZ59NNuSgvSrpgOA==",
      "dependencies": {
        "data-uri-to-buffer": "^4.0.0",
        "fetch-blob": "^3.1.4",
        "formdata-polyfill": "^4.0.10"
      },
      "engines": {
        "node": "^12.20.0 || ^14.13.1 || >=16.0.0"
      },
      "funding": {
        "type": "opencollective",
        "url": "https://opencollective.com/node-fetch"
      }
    },
    "node_modules/node-gyp-build": {
      "version": "4.8.0",
      "resolved": "https://registry.npmjs.org/node-gyp-build/-/node-gyp-build-4.8.0.tgz",
      "integrity": "sha512-u6fs2AEUljNho3EYTJNBfImO5QTo/J/1Etd+NVdCj7qWKUSN/bSLkZwhDv7I+w/MSC6qJ4cknepkAYykDdK8og==",
      "bin": {
        "node-gyp-build": "bin.js",
        "node-gyp-build-optional": "optional.js",
        "node-gyp-build-test": "build-test.js"
      }
    },
    "node_modules/prom-client": {
      "version": "14.2.0",
      "resolved": "https://registry.npmjs.org/prom-client/-/prom-client-14.2.0.tgz",
      "integrity": "sha512-sF308EhTenb/pDRPakm+WgiN+VdM/T1RaHj1x+MvAuT8UiQP8JmOEbxVqtkbfR4LrvOg5n7ic01kRBDGXjYikA==",
      "dependencies": {
        "tdigest": "^0.1.1"
      },
      "engines": {
        "node": ">=10"
      }
    },
    "node_modules/stoppable": {
      "version": "1.1.0",
      "resolved": "https://registry.npmjs.org/stoppable/-/stoppable-1.1.0.tgz",
      "integrity": "sha512-KXDYZ9dszj6bzvnEMRYvxgeTHU74QBFL54XKtP3nyMuJ81CFYtABZ3bAzL2EdFUaEwJOBOgENyFj3R7oTzDyyw==",
      "engines": {
        "node": ">=4",
        "npm": ">=6"
      }
    },
    "node_modules/supports-color": {
      "version": "8.1.1",
      "resolved": "https://registry.npmjs.org/supports-color/-/supports-color-8.1.1.tgz",
      "integrity": "sha512-MpUEN2OodtUzxvKQl72cUF7RQ5EiHsGvSsVG0ia9c5RbWGL2CI4C7EpPS8UTBIplnlzZiNuV56w+FuNxy3ty2Q==",
      "dependencies": {
        "has-flag": "^4.0.0"
      },
      "engines": {
        "node": ">=10"
      },
      "funding": {
        "url": "https://github.com/chalk/supports-color?sponsor=1"
      }
    },
    "node_modules/tdigest": {
      "version": "0.1.2",
      "resolved": "https://registry.npmjs.org/tdigest/-/tdigest-0.1.2.tgz",
      "integrity": "sha512-+G0LLgjjo9BZX2MfdvPfH+MKLCrxlXSYec5DaPYP1fe6Iyhf0/fSmJ0bFiZ1F8BT6cGXl2LpltQptzjXKWEkKA==",
      "dependencies": {
        "bintrees": "1.0.2"
      }
    },
    "node_modules/type": {
      "version": "1.2.0",
      "resolved": "https://registry.npmjs.org/type/-/type-1.2.0.tgz",
      "integrity": "sha512-+5nt5AAniqsCnu2cEQQdpzCAh33kVx8n0VoFidKpB1dVVLAN/F+bgVOqOJqOnEnrhp222clB5p3vUlD+1QAnfg=="
    },
    "node_modules/typedarray-to-buffer": {
      "version": "3.1.5",
      "resolved": "https://registry.npmjs.org/typedarray-to-buffer/-/typedarray-to-buffer-3.1.5.tgz",
      "integrity": "sha512-zdu8XMNEDepKKR+XYOXAVPtWui0ly0NtohUscw+UmaHiAWT8hrV1rr//H6V+0DvJ3OQ19S979M0laLfX8rm82Q==",
      "dependencies": {
        "is-typedarray": "^1.0.0"
      }
    },
    "node_modules/typescript": {
      "version": "5.3.3",
      "resolved": "https://registry.npmjs.org/typescript/-/typescript-5.3.3.tgz",
      "integrity": "sha512-pXWcraxM0uxAS+tN0AG/BF2TyqmHO014Z070UsJ+pFvYuRSq8KH8DmWpnbXe0pEPDHXZV3FcAbJkijJ5oNEnWw==",
      "dev": true,
      "bin": {
        "tsc": "bin/tsc",
        "tsserver": "bin/tsserver"
      },
      "engines": {
        "node": ">=14.17"
      }
    },
    "node_modules/undici-types": {
      "version": "5.26.5",
      "resolved": "https://registry.npmjs.org/undici-types/-/undici-types-5.26.5.tgz",
      "integrity": "sha512-JlCMO+ehdEIKqlFxk6IfVoAUVmgz7cU7zD/h9XZ0qzeosSHmUJVOzSQvvYSYWXkFXC+IfLKSIffhv0sVZup6pA==",
      "dev": true
    },
    "node_modules/utf-8-validate": {
      "version": "5.0.10",
      "resolved": "https://registry.npmjs.org/utf-8-validate/-/utf-8-validate-5.0.10.tgz",
      "integrity": "sha512-Z6czzLq4u8fPOyx7TU6X3dvUZVvoJmxSQ+IcrlmagKhilxlhZgxPK6C5Jqbkw1IDUmFTM+cz9QDnnLTwDz/2gQ==",
      "hasInstallScript": true,
      "dependencies": {
        "node-gyp-build": "^4.3.0"
      },
      "engines": {
        "node": ">=6.14.2"
      }
    },
    "node_modules/web-streams-polyfill": {
      "version": "3.3.2",
      "resolved": "https://registry.npmjs.org/web-streams-polyfill/-/web-streams-polyfill-3.3.2.tgz",
      "integrity": "sha512-3pRGuxRF5gpuZc0W+EpwQRmCD7gRqcDOMt688KmdlDAgAyaB1XlN0zq2njfDNm44XVdIouE7pZ6GzbdyH47uIQ==",
      "engines": {
        "node": ">= 8"
      }
    },
    "node_modules/websocket": {
      "version": "1.0.34",
      "resolved": "https://registry.npmjs.org/websocket/-/websocket-1.0.34.tgz",
      "integrity": "sha512-PRDso2sGwF6kM75QykIesBijKSVceR6jL2G8NGYyq2XrItNC2P5/qL5XeR056GhA+Ly7JMFvJb9I312mJfmqnQ==",
      "dependencies": {
        "bufferutil": "^4.0.1",
        "debug": "^2.2.0",
        "es5-ext": "^0.10.50",
        "typedarray-to-buffer": "^3.1.5",
        "utf-8-validate": "^5.0.2",
        "yaeti": "^0.0.6"
      },
      "engines": {
        "node": ">=4.0.0"
      }
    },
    "node_modules/yaeti": {
      "version": "0.0.6",
      "resolved": "https://registry.npmjs.org/yaeti/-/yaeti-0.0.6.tgz",
      "integrity": "sha512-MvQa//+KcZCUkBTIC9blM+CU9J2GzuTytsOUwf2lidtvkx/6gnEp1QvJv34t9vdjhFmha/mUiNDbN0D0mJWdug==",
      "engines": {
        "node": ">=0.10.32"
      }
    }
  }
}
